
Microsoft Visual Studio Solution File, Format Version 12.00
# Visual Studio Version 17
VisualStudioVersion = 17.2.32616.157
MinimumVisualStudioVersion = 10.0.40219.1
Project("{9A19103F-16F7-4668-BE54-9A1E7A4F7556}") = "Crystalarium", "Crystalarium\Crystalarium.csproj", "{4A9C809C-683D-4AAF-847B-9FD0B607F034}"
EndProject
Project("{9A19103F-16F7-4668-BE54-9A1E7A4F7556}") = "CrystalCore", "CrystalCore\CrystalCore.csproj", "{200F5258-9975-407F-8D62-94DF988CE301}"
EndProject
Project("{9A19103F-16F7-4668-BE54-9A1E7A4F7556}") = "CrystalCoreTests", "CrystalCoreTests\CrystalCoreTests.csproj", "{6EABCAD7-97E7-43F2-9DEF-23624BC99EAE}"
EndProject
Project("{FAE04EC0-301F-11D3-BF4B-00C04F79EFBC}") = "CrystalCore.Model", "CrystalCore.Model\CrystalCore.Model.csproj", "{7C3C59AD-C106-47F8-BB70-3CC0A2D1E3B6}"
EndProject
Project("{FAE04EC0-301F-11D3-BF4B-00C04F79EFBC}") = "CrystalCore.View", "CrystalCore.View\CrystalCore.View.csproj", "{583DC08A-2741-4799-B1F7-DB6C49EFE463}"
EndProject
Project("{FAE04EC0-301F-11D3-BF4B-00C04F79EFBC}") = "CrystalCore.Util", "CrystalCore.Util\CrystalCore.Util.csproj", "{4FF20C24-3EE8-4FB1-A5C8-CE4E0CCC2A0A}"
EndProject
Global
	GlobalSection(SolutionConfigurationPlatforms) = preSolution
		Debug|Any CPU = Debug|Any CPU
		Release|Any CPU = Release|Any CPU
	EndGlobalSection
	GlobalSection(ProjectConfigurationPlatforms) = postSolution
		{4A9C809C-683D-4AAF-847B-9FD0B607F034}.Debug|Any CPU.ActiveCfg = Debug|Any CPU
		{4A9C809C-683D-4AAF-847B-9FD0B607F034}.Debug|Any CPU.Build.0 = Debug|Any CPU
		{4A9C809C-683D-4AAF-847B-9FD0B607F034}.Release|Any CPU.ActiveCfg = Release|Any CPU
		{4A9C809C-683D-4AAF-847B-9FD0B607F034}.Release|Any CPU.Build.0 = Release|Any CPU
		{200F5258-9975-407F-8D62-94DF988CE301}.Debug|Any CPU.ActiveCfg = Debug|Any CPU
		{200F5258-9975-407F-8D62-94DF988CE301}.Debug|Any CPU.Build.0 = Debug|Any CPU
		{200F5258-9975-407F-8D62-94DF988CE301}.Release|Any CPU.ActiveCfg = Release|Any CPU
		{200F5258-9975-407F-8D62-94DF988CE301}.Release|Any CPU.Build.0 = Release|Any CPU
		{6EABCAD7-97E7-43F2-9DEF-23624BC99EAE}.Debug|Any CPU.ActiveCfg = Debug|Any CPU
		{6EABCAD7-97E7-43F2-9DEF-23624BC99EAE}.Debug|Any CPU.Build.0 = Debug|Any CPU
		{6EABCAD7-97E7-43F2-9DEF-23624BC99EAE}.Release|Any CPU.ActiveCfg = Release|Any CPU
		{6EABCAD7-97E7-43F2-9DEF-23624BC99EAE}.Release|Any CPU.Build.0 = Release|Any CPU
		{7C3C59AD-C106-47F8-BB70-3CC0A2D1E3B6}.Debug|Any CPU.ActiveCfg = Debug|Any CPU
		{7C3C59AD-C106-47F8-BB70-3CC0A2D1E3B6}.Debug|Any CPU.Build.0 = Debug|Any CPU
		{7C3C59AD-C106-47F8-BB70-3CC0A2D1E3B6}.Release|Any CPU.ActiveCfg = Release|Any CPU
		{7C3C59AD-C106-47F8-BB70-3CC0A2D1E3B6}.Release|Any CPU.Build.0 = Release|Any CPU
		{583DC08A-2741-4799-B1F7-DB6C49EFE463}.Debug|Any CPU.ActiveCfg = Debug|Any CPU
		{583DC08A-2741-4799-B1F7-DB6C49EFE463}.Debug|Any CPU.Build.0 = Debug|Any CPU
		{583DC08A-2741-4799-B1F7-DB6C49EFE463}.Release|Any CPU.ActiveCfg = Release|Any CPU
		{583DC08A-2741-4799-B1F7-DB6C49EFE463}.Release|Any CPU.Build.0 = Release|Any CPU
		{4FF20C24-3EE8-4FB1-A5C8-CE4E0CCC2A0A}.Debug|Any CPU.ActiveCfg = Debug|Any CPU
		{4FF20C24-3EE8-4FB1-A5C8-CE4E0CCC2A0A}.Debug|Any CPU.Build.0 = Debug|Any CPU
		{4FF20C24-3EE8-4FB1-A5C8-CE4E0CCC2A0A}.Release|Any CPU.ActiveCfg = Release|Any CPU
		{4FF20C24-3EE8-4FB1-A5C8-CE4E0CCC2A0A}.Release|Any CPU.Build.0 = Release|Any CPU
	EndGlobalSection
	GlobalSection(SolutionProperties) = preSolution
		HideSolutionNode = FALSE
	EndGlobalSection
	GlobalSection(ExtensibilityGlobals) = postSolution
		SolutionGuid = {4379ACB9-3AE8-470F-B8D8-37F6DA9D682D}
	EndGlobalSection
EndGlobal
